{
  "version": 4,
  "terraform_version": "1.0.9",
  "serial": 3,
  "lineage": "b63d7953-127d-bd7e-ea2d-a1397a1178ed",
  "outputs": {},
  "resources": [
    {
      "mode": "managed",
      "type": "aws_key_pair",
      "name": "chave_terraform_aws",
      "provider": "provider[\"registry.terraform.io/hashicorp/aws\"]",
      "instances": [
        {
          "schema_version": 1,
          "attributes": {
            "arn": "arn:aws:ec2:sa-east-1:405378853534:key-pair/barretto.terraform-aws",
            "fingerprint": "f7:58:7c:28:c7:dd:c3:55:f6:bd:d3:40:cd:f9:ee:c6",
            "id": "barretto.terraform-aws",
            "key_name": "barretto.terraform-aws",
            "key_name_prefix": "",
            "key_pair_id": "key-022646a3bac827089",
            "key_type": "rsa",
            "public_key": "ssh-rsa AAAAB3NzaC1yc2EAAAADAQABAAABgQDAKq0G/asXMc0r8Rz7bAeIaU/yYqol1vqPRmt667dW/7YmjiWtM4a3c3RiiiVhX84VX7e6zuk9Sv73EvssS3YUcvyM3mM3yvxbTtgypzg8cI/E7053BwEHFNseo7u6fNySzrEjCSKU+ES2qpmYSTnGOcgJ43+dLgbgwu8Rp3MF1JNVVgmOaZSILVJTju7HJnNZsG5ajPIegdRwLMALPiixxIW9ZgHlae898mttLVvNXN5hypix/nH32VlOg7TlP28zzsPQFs/FOyRmv3SqmxLGts02CPwc8Bp5ruWngIXkrupF9M5Vbwk8fJFRZFZL4pOHFJ2W8KHKHu1RH/T+tumqoWzEMRrkjHX20xe3g/n8iPZ0vVDoLqbc06zV4RZYTHhxs43jU2gnIkmXwFGXIXIcCcH0Qyb+cbuvtfBHfNX+Xwz70ezme9SB6mgPpxd1t+Yv4nHd6b9vfKz3qZiouGMIrULKobawJ73KbbyTV1o92f+qdQNdsKpCn7BedGyRwlE= Gustavo@DESKTOP-31VPBL8",
            "tags": null,
            "tags_all": {}
          },
          "sensitive_attributes": [],
          "private": "eyJzY2hlbWFfdmVyc2lvbiI6IjEifQ=="
        }
      ]
    }
  ]
}
